// !$*UTF8*$!
{
	archiveVersion = 1;
	classes = {
	};
	objectVersion = 77;
	objects = {

/* Begin PBXBuildFile section */
		760E3F392F7298FE00034CDB /* RevenueCat in Frameworks */ = {isa = PBXBuildFile; productRef = 76RC00022F5A00000072F7A4 /* RevenueCat */; };
		760E3F3A2F7298FE00034CDB /* RevenueCatUI in Frameworks */ = {isa = PBXBuildFile; productRef = 76RC00032F5A00000072F7A4 /* RevenueCatUI */; };
/* End PBXBuildFile section */

/* Begin PBXContainerItemProxy section */
		768DF3212F596DAC0072F7A4 /* PBXContainerItemProxy */ = {
			isa = PBXContainerItemProxy;
			containerPortal = 768DF3032F596DAB0072F7A4 /* Project object */;
			proxyType = 1;
			remoteGlobalIDString = 768DF30A2F596DAB0072F7A4;
			remoteInfo = screenshot;
		};
		768DF32C2F596DAC0072F7A4 /* PBXContainerItemProxy */ = {
			isa = PBXContainerItemProxy;
			containerPortal = 768DF3032F596DAB0072F7A4 /* Project object */;
			proxyType = 1;
			remoteGlobalIDString = 768DF30A2F596DAB0072F7A4;
			remoteInfo = screenshot;
		};
/* End PBXContainerItemProxy section */

/* Begin PBXFileReference section */
		768DF30B2F596DAB0072F7A4 /* Screenshot Bro.app */ = {isa = PBXFileReference; explicitFileType = wrapper.application; includeInIndex = 0; path = "Screenshot Bro.app"; sourceTree = BUILT_PRODUCTS_DIR; };
		768DF31B2F596DAC0072F7A4 /* screenshotUITests.xctest */ = {isa = PBXFileReference; explicitFileType = wrapper.cfbundle; includeInIndex = 0; path = screenshotUITests.xctest; sourceTree = BUILT_PRODUCTS_DIR; };
		768DF3262F596DAC0072F7A4 /* screenshotTests.xctest */ = {isa = PBXFileReference; explicitFileType = wrapper.cfbundle; includeInIndex = 0; path = screenshotTests.xctest; sourceTree = BUILT_PRODUCTS_DIR; };
/* End PBXFileReference section */

/* Begin PBXFileSystemSynchronizedRootGroup section */
		768DF30D2F596DAB0072F7A4 /* screenshot */ = {
			isa = PBXFileSystemSynchronizedRootGroup;
			path = screenshot;
			sourceTree = "<group>";
		};
		768DF31C2F596DAC0072F7A4 /* screenshotUITests */ = {
			isa = PBXFileSystemSynchronizedRootGroup;
			path = screenshotUITests;
			sourceTree = "<group>";
		};
		768DF3272F596DAC0072F7A4 /* screenshotTests */ = {
			isa = PBXFileSystemSynchronizedRootGroup;
			path = screenshotTests;
			sourceTree = "<group>";
		};
/* End PBXFileSystemSynchronizedRootGroup section */

/* Begin PBXFrameworksBuildPhase section */
		768DF3082F596DAB0072F7A4 /* Frameworks */ = {
			isa = PBXFrameworksBuildPhase;
			buildActionMask = 2147483647;
			files = (
				760E3F3A2F7298FE00034CDB /* RevenueCatUI in Frameworks */,
				760E3F392F7298FE00034CDB /* RevenueCat in Frameworks */,
			);
			runOnlyForDeploymentPostprocessing = 0;
		};
		768DF31D2F596DAC0072F7A4 /* Frameworks */ = {
			isa = PBXFrameworksBuildPhase;
			buildActionMask = 2147483647;
			files = (
			);
			runOnlyForDeploymentPostprocessing = 0;
		};
		768DF3292F596DAC0072F7A4 /* Frameworks */ = {
			isa = PBXFrameworksBuildPhase;
			buildActionMask = 2147483647;
			files = (
			);
			runOnlyForDeploymentPostprocessing = 0;
		};
/* End PBXFrameworksBuildPhase section */

/* Begin PBXGroup section */
		768DF3022F596DAB0072F7A4 = {
			isa = PBXGroup;
			children = (
				768DF30D2F596DAB0072F7A4 /* screenshot */,
				768DF3272F596DAC0072F7A4 /* screenshotTests */,
				768DF31C2F596DAC0072F7A4 /* screenshotUITests */,
				768DF30C2F596DAB0072F7A4 /* Products */,
			);
			sourceTree = "<group>";
		};
		768DF30C2F596DAB0072F7A4 /* Products */ = {
			isa = PBXGroup;
			children = (
				768DF30B2F596DAB0072F7A4 /* Screenshot Bro.app */,
				768DF3262F596DAC0072F7A4 /* screenshotTests.xctest */,
				768DF31B2F596DAC0072F7A4 /* screenshotUITests.xctest */,
			);
			name = Products;
			sourceTree = "<group>";
		};
/* End PBXGroup section */

/* Begin PBXNativeTarget section */
		768DF30A2F596DAB0072F7A4 /* screenshot */ = {
			isa = PBXNativeTarget;
			buildConfigurationList = 768DF3182F596DAC0072F7A4 /* Build configuration list for PBXNativeTarget "screenshot" */;
			buildPhases = (
				768DF3072F596DAB0072F7A4 /* Sources */,
				768DF3082F596DAB0072F7A4 /* Frameworks */,
				768DF3092F596DAB0072F7A4 /* Resources */,
			);
			buildRules = (
			);
			dependencies = (
			);
			fileSystemSynchronizedGroups = (
				768DF30D2F596DAB0072F7A4 /* screenshot */,
			);
			name = screenshot;
			packageProductDependencies = (
				76RC00022F5A00000072F7A4 /* RevenueCat */,
				76RC00032F5A00000072F7A4 /* RevenueCatUI */,
			);
			productName = screenshot;
			productReference = 768DF30B2F596DAB0072F7A4 /* Screenshot Bro.app */;
			productType = "com.apple.product-type.application";
		};
		768DF31E2F596DAC0072F7A4 /* screenshotUITests */ = {
			isa = PBXNativeTarget;
			buildConfigurationList = 768DF3252F596DAC0072F7A4 /* Build configuration list for PBXNativeTarget "screenshotUITests" */;
			buildPhases = (
				768DF31F2F596DAC0072F7A4 /* Sources */,
				768DF31D2F596DAC0072F7A4 /* Frameworks */,
				768DF3202F596DAC0072F7A4 /* Resources */,
			);
			buildRules = (
			);
			dependencies = (
				768DF3222F596DAC0072F7A4 /* PBXTargetDependency */,
			);
			fileSystemSynchronizedGroups = (
				768DF31C2F596DAC0072F7A4 /* screenshotUITests */,
			);
			name = screenshotUITests;
			packageProductDependencies = (
			);
			productName = screenshotUITests;
			productReference = 768DF31B2F596DAC0072F7A4 /* screenshotUITests.xctest */;
			productType = "com.apple.product-type.bundle.ui-testing";
		};
		768DF32B2F596DAC0072F7A4 /* screenshotTests */ = {
			isa = PBXNativeTarget;
			buildConfigurationList = 768DF3302F596DAC0072F7A4 /* Build configuration list for PBXNativeTarget "screenshotTests" */;
			buildPhases = (
				768DF3282F596DAC0072F7A4 /* Sources */,
				768DF3292F596DAC0072F7A4 /* Frameworks */,
				768DF32A2F596DAC0072F7A4 /* Resources */,
			);
			buildRules = (
			);
			dependencies = (
				768DF32D2F596DAC0072F7A4 /* PBXTargetDependency */,
			);
			fileSystemSynchronizedGroups = (
				768DF3272F596DAC0072F7A4 /* screenshotTests */,
			);
			name = screenshotTests;
			packageProductDependencies = (
			);
			productName = screenshotTests;
			productReference = 768DF3262F596DAC0072F7A4 /* screenshotTests.xctest */;
			productType = "com.apple.product-type.bundle.unit-test";
		};
/* End PBXNativeTarget section */

/* Begin PBXProject section */
		768DF3032F596DAB0072F7A4 /* Project object */ = {
			isa = PBXProject;
			attributes = {
				BuildIndependentTargetsInParallel = 1;
				LastSwiftUpdateCheck = 2620;
				LastUpgradeCheck = 2620;
				TargetAttributes = {
					768DF30A2F596DAB0072F7A4 = {
						CreatedOnToolsVersion = 26.2;
					};
					768DF31E2F596DAC0072F7A4 = {
						CreatedOnToolsVersion = 26.2;
						TestTargetID = 768DF30A2F596DAB0072F7A4;
					};
					768DF32B2F596DAC0072F7A4 = {
						CreatedOnToolsVersion = 26.2;
						TestTargetID = 768DF30A2F596DAB0072F7A4;
					};
				};
			};
			buildConfigurationList = 768DF3062F596DAB0072F7A4 /* Build configuration list for PBXProject "screenshot" */;
			developmentRegion = en;
			hasScannedForEncodings = 0;
			knownRegions = (
				en,
				Base,
			);
			mainGroup = 768DF3022F596DAB0072F7A4;
			minimizedProjectReferenceProxies = 1;
			packageReferences = (
				76RC00012F5A00000072F7A4 /* XCRemoteSwiftPackageReference "purchases-ios-spm" */,
			);
			preferredProjectObjectVersion = 77;
			productRefGroup = 768DF30C2F596DAB0072F7A4 /* Products */;
			projectDirPath = "";
			projectRoot = "";
			targets = (
				768DF30A2F596DAB0072F7A4 /* screenshot */,
				768DF32B2F596DAC0072F7A4 /* screenshotTests */,
				768DF31E2F596DAC0072F7A4 /* screenshotUITests */,
			);
		};
/* End PBXProject section */

/* Begin PBXResourcesBuildPhase section */
		768DF3092F596DAB0072F7A4 /* Resources */ = {
			isa = PBXResourcesBuildPhase;
			buildActionMask = 2147483647;
			files = (
			);
			runOnlyForDeploymentPostprocessing = 0;
		};
		768DF3202F596DAC0072F7A4 /* Resources */ = {
			isa = PBXResourcesBuildPhase;
			buildActionMask = 2147483647;
			files = (
			);
			runOnlyForDeploymentPostprocessing = 0;
		};
		768DF32A2F596DAC0072F7A4 /* Resources */ = {
			isa = PBXResourcesBuildPhase;
			buildActionMask = 2147483647;
			files = (
			);
			runOnlyForDeploymentPostprocessing = 0;
		};
/* End PBXResourcesBuildPhase section */

/* Begin PBXSourcesBuildPhase section */
		768DF3072F596DAB0072F7A4 /* Sources */ = {
			isa = PBXSourcesBuildPhase;
			buildActionMask = 2147483647;
			files = (
			);
			runOnlyForDeploymentPostprocessing = 0;
		};
		768DF31F2F596DAC0072F7A4 /* Sources */ = {
			isa = PBXSourcesBuildPhase;
			buildActionMask = 2147483647;
			files = (
			);
			runOnlyForDeploymentPostprocessing = 0;
		};
		768DF3282F596DAC0072F7A4 /* Sources */ = {
			isa = PBXSourcesBuildPhase;
			buildActionMask = 2147483647;
			files = (
			);
			runOnlyForDeploymentPostprocessing = 0;
		};
/* End PBXSourcesBuildPhase section */

/* Begin PBXTargetDependency section */
		768DF3222F596DAC0072F7A4 /* PBXTargetDependency */ = {
			isa = PBXTargetDependency;
			target = 768DF30A2F596DAB0072F7A4 /* screenshot */;
			targetProxy = 768DF3212F596DAC0072F7A4 /* PBXContainerItemProxy */;
		};
		768DF32D2F596DAC0072F7A4 /* PBXTargetDependency */ = {
			isa = PBXTargetDependency;
			target = 768DF30A2F596DAB0072F7A4 /* screenshot */;
			targetProxy = 768DF32C2F596DAC0072F7A4 /* PBXContainerItemProxy */;
		};
/* End PBXTargetDependency section */

/* Begin XCBuildConfiguration section */
		768DF3162F596DAC0072F7A4 /* Debug */ = {
			isa = XCBuildConfiguration;
			buildSettings = {
				ALWAYS_SEARCH_USER_PATHS = NO;
				ASSETCATALOG_COMPILER_GENERATE_SWIFT_ASSET_SYMBOL_EXTENSIONS = YES;
				CLANG_ANALYZER_NONNULL = YES;
				CLANG_ANALYZER_NUMBER_OBJECT_CONVERSION = YES_AGGRESSIVE;
				CLANG_CXX_LANGUAGE_STANDARD = "gnu++20";
				CLANG_ENABLE_MODULES = YES;
				CLANG_ENABLE_OBJC_ARC = YES;
				CLANG_ENABLE_OBJC_WEAK = YES;
				CLANG_WARN_BLOCK_CAPTURE_AUTORELEASING = YES;
				CLANG_WARN_BOOL_CONVERSION = YES;
				CLANG_WARN_COMMA = YES;
				CLANG_WARN_CONSTANT_CONVERSION = YES;
				CLANG_WARN_DEPRECATED_OBJC_IMPLEMENTATIONS = YES;
				CLANG_WARN_DIRECT_OBJC_ISA_USAGE = YES_ERROR;
				CLANG_WARN_DOCUMENTATION_COMMENTS = YES;
				CLANG_WARN_EMPTY_BODY = YES;
				CLANG_WARN_ENUM_CONVERSION = YES;
				CLANG_WARN_INFINITE_RECURSION = YES;
				CLANG_WARN_INT_CONVERSION = YES;
				CLANG_WARN_NON_LITERAL_NULL_CONVERSION = YES;
				CLANG_WARN_OBJC_IMPLICIT_RETAIN_SELF = YES;
				CLANG_WARN_OBJC_LITERAL_CONVERSION = YES;
				CLANG_WARN_OBJC_ROOT_CLASS = YES_ERROR;
				CLANG_WARN_QUOTED_INCLUDE_IN_FRAMEWORK_HEADER = YES;
				CLANG_WARN_RANGE_LOOP_ANALYSIS = YES;
				CLANG_WARN_STRICT_PROTOTYPES = YES;
				CLANG_WARN_SUSPICIOUS_MOVE = YES;
				CLANG_WARN_UNGUARDED_AVAILABILITY = YES_AGGRESSIVE;
				CLANG_WARN_UNREACHABLE_CODE = YES;
				CLANG_WARN__DUPLICATE_METHOD_MATCH = YES;
				COPY_PHASE_STRIP = NO;
				DEBUG_INFORMATION_FORMAT = dwarf;
				DEVELOPMENT_TEAM = XW3GM347XY;
				ENABLE_STRICT_OBJC_MSGSEND = YES;
				ENABLE_TESTABILITY = YES;
				ENABLE_USER_SCRIPT_SANDBOXING = YES;
				GCC_C_LANGUAGE_STANDARD = gnu17;
				GCC_DYNAMIC_NO_PIC = NO;
				GCC_NO_COMMON_BLOCKS = YES;
				GCC_OPTIMIZATION_LEVEL = 0;
				GCC_PREPROCESSOR_DEFINITIONS = (
					"DEBUG=1",
					"$(inherited)",
				);
				GCC_WARN_64_TO_32_BIT_CONVERSION = YES;
				GCC_WARN_ABOUT_RETURN_TYPE = YES_ERROR;
				GCC_WARN_UNDECLARED_SELECTOR = YES;
				GCC_WARN_UNINITIALIZED_AUTOS = YES_AGGRESSIVE;
				GCC_WARN_UNUSED_FUNCTION = YES;
				GCC_WARN_UNUSED_VARIABLE = YES;
				LOCALIZATION_PREFERS_STRING_CATALOGS = YES;
				MACOSX_DEPLOYMENT_TARGET = 15.0;
				MTL_ENABLE_DEBUG_INFO = INCLUDE_SOURCE;
				MTL_FAST_MATH = YES;
				ONLY_ACTIVE_ARCH = YES;
				SDKROOT = macosx;
				SWIFT_ACTIVE_COMPILATION_CONDITIONS = "DEBUG $(inherited)";
				SWIFT_OPTIMIZATION_LEVEL = "-Onone";
			};
			name = Debug;
		};
		768DF3172F596DAC0072F7A4 /* Release */ = {
			isa = XCBuildConfiguration;
			buildSettings = {
				ALWAYS_SEARCH_USER_PATHS = NO;
				ASSETCATALOG_COMPILER_GENERATE_SWIFT_ASSET_SYMBOL_EXTENSIONS = YES;
				CLANG_ANALYZER_NONNULL = YES;
				CLANG_ANALYZER_NUMBER_OBJECT_CONVERSION = YES_AGGRESSIVE;
				CLANG_CXX_LANGUAGE_STANDARD = "gnu++20";
				CLANG_ENABLE_MODULES = YES;
				CLANG_ENABLE_OBJC_ARC = YES;
				CLANG_ENABLE_OBJC_WEAK = YES;
				CLANG_WARN_BLOCK_CAPTURE_AUTORELEASING = YES;
				CLANG_WARN_BOOL_CONVERSION = YES;
				CLANG_WARN_COMMA = YES;
				CLANG_WARN_CONSTANT_CONVERSION = YES;
				CLANG_WARN_DEPRECATED_OBJC_IMPLEMENTATIONS = YES;
				CLANG_WARN_DIRECT_OBJC_ISA_USAGE = YES_ERROR;
				CLANG_WARN_DOCUMENTATION_COMMENTS = YES;
				CLANG_WARN_EMPTY_BODY = YES;
				CLANG_WARN_ENUM_CONVERSION = YES;
				CLANG_WARN_INFINITE_RECURSION = YES;
				CLANG_WARN_INT_CONVERSION = YES;
				CLANG_WARN_NON_LITERAL_NULL_CONVERSION = YES;
				CLANG_WARN_OBJC_IMPLICIT_RETAIN_SELF = YES;
				CLANG_WARN_OBJC_LITERAL_CONVERSION = YES;
				CLANG_WARN_OBJC_ROOT_CLASS = YES_ERROR;
				CLANG_WARN_QUOTED_INCLUDE_IN_FRAMEWORK_HEADER = YES;
				CLANG_WARN_RANGE_LOOP_ANALYSIS = YES;
				CLANG_WARN_STRICT_PROTOTYPES = YES;
				CLANG_WARN_SUSPICIOUS_MOVE = YES;
				CLANG_WARN_UNGUARDED_AVAILABILITY = YES_AGGRESSIVE;
				CLANG_WARN_UNREACHABLE_CODE = YES;
				CLANG_WARN__DUPLICATE_METHOD_MATCH = YES;
				COPY_PHASE_STRIP = NO;
				DEBUG_INFORMATION_FORMAT = "dwarf-with-dsym";
				DEVELOPMENT_TEAM = XW3GM347XY;
				ENABLE_NS_ASSERTIONS = NO;
				ENABLE_STRICT_OBJC_MSGSEND = YES;
				ENABLE_USER_SCRIPT_SANDBOXING = YES;
				GCC_C_LANGUAGE_STANDARD = gnu17;
				GCC_NO_COMMON_BLOCKS = YES;
				GCC_WARN_64_TO_32_BIT_CONVERSION = YES;
				GCC_WARN_ABOUT_RETURN_TYPE = YES_ERROR;
				GCC_WARN_UNDECLARED_SELECTOR = YES;
				GCC_WARN_UNINITIALIZED_AUTOS = YES_AGGRESSIVE;
				GCC_WARN_UNUSED_FUNCTION = YES;
				GCC_WARN_UNUSED_VARIABLE = YES;
				LOCALIZATION_PREFERS_STRING_CATALOGS = YES;
				MACOSX_DEPLOYMENT_TARGET = 15.0;
				MTL_ENABLE_DEBUG_INFO = NO;
				MTL_FAST_MATH = YES;
				SDKROOT = macosx;
				SWIFT_COMPILATION_MODE = wholemodule;
			};
			name = Release;
		};
		768DF3192F596DAC0072F7A4 /* Debug */ = {
			isa = XCBuildConfiguration;
			buildSettings = {
				ASSETCATALOG_COMPILER_APPICON_NAME = AppIcon;
				ASSETCATALOG_COMPILER_GLOBAL_ACCENT_COLOR_NAME = AccentColor;
				ASSETCATALOG_COMPILER_INCLUDE_ALL_APPICON_ASSETS = YES;
				CODE_SIGN_ENTITLEMENTS = screenshot/screenshot.entitlements;
				CODE_SIGN_STYLE = Automatic;
				COMBINE_HIDPI_IMAGES = YES;
				CURRENT_PROJECT_VERSION = 21;
				DEVELOPMENT_TEAM = XW3GM347XY;
				ENABLE_APP_SANDBOX = YES;
				ENABLE_HARDENED_RUNTIME = YES;
				ENABLE_PREVIEWS = YES;
				ENABLE_USER_SELECTED_FILES = readwrite;
				GENERATE_INFOPLIST_FILE = YES;
				INFOPLIST_KEY_CFBundleDisplayName = "Screenshot Bro";
				INFOPLIST_KEY_ITSAppUsesNonExemptEncryption = NO;
				INFOPLIST_KEY_LSApplicationCategoryType = "public.app-category.graphics-design";
				INFOPLIST_KEY_NSHumanReadableCopyright = "";
				INFOPLIST_KEY_REVENUECAT_API_KEY = "$(REVENUECAT_API_KEY)";
				LD_RUNPATH_SEARCH_PATHS = (
					"$(inherited)",
					"@executable_path/../Frameworks",
				);
				MARKETING_VERSION = 2.0;
				PRODUCT_BUNDLE_IDENTIFIER = xyz.tleskiv.screenshot;
				PRODUCT_NAME = "Screenshot Bro";
				REGISTER_APP_GROUPS = YES;
				REVENUECAT_API_KEY = test_KgNxrrXqBIGgiORjBPsdiXrraJL;
				STRING_CATALOG_GENERATE_SYMBOLS = YES;
				SWIFT_APPROACHABLE_CONCURRENCY = YES;
				SWIFT_DEFAULT_ACTOR_ISOLATION = MainActor;
				SWIFT_EMIT_LOC_STRINGS = YES;
				SWIFT_UPCOMING_FEATURE_MEMBER_IMPORT_VISIBILITY = YES;
				SWIFT_VERSION = 5.0;
			};
			name = Debug;
		};
		768DF31A2F596DAC0072F7A4 /* Release */ = {
			isa = XCBuildConfiguration;
			buildSettings = {
				ASSETCATALOG_COMPILER_APPICON_NAME = AppIcon;
				ASSETCATALOG_COMPILER_GLOBAL_ACCENT_COLOR_NAME = AccentColor;
				ASSETCATALOG_COMPILER_INCLUDE_ALL_APPICON_ASSETS = YES;
				CODE_SIGN_ENTITLEMENTS = screenshot/screenshot.entitlements;
				CODE_SIGN_STYLE = Automatic;
				COMBINE_HIDPI_IMAGES = YES;
				CURRENT_PROJECT_VERSION = 21;
				DEVELOPMENT_TEAM = XW3GM347XY;
				ENABLE_APP_SANDBOX = YES;
				ENABLE_HARDENED_RUNTIME = YES;
				ENABLE_PREVIEWS = YES;
				ENABLE_USER_SELECTED_FILES = readwrite;
				GENERATE_INFOPLIST_FILE = YES;
				INFOPLIST_KEY_CFBundleDisplayName = "Screenshot Bro";
				INFOPLIST_KEY_ITSAppUsesNonExemptEncryption = NO;
				INFOPLIST_KEY_LSApplicationCategoryType = "public.app-category.graphics-design";
				INFOPLIST_KEY_NSHumanReadableCopyright = "";
				INFOPLIST_KEY_REVENUECAT_API_KEY = "$(REVENUECAT_API_KEY)";
				LD_RUNPATH_SEARCH_PATHS = (
					"$(inherited)",
					"@executable_path/../Frameworks",
				);
				MARKETING_VERSION = 2.0;
				PRODUCT_BUNDLE_IDENTIFIER = xyz.tleskiv.screenshot;
				PRODUCT_NAME = "Screenshot Bro";
				REGISTER_APP_GROUPS = YES;
				REVENUECAT_API_KEY = appl_qNsQJpgVEPpXpoJiqWqgKOIhKru;
				STRING_CATALOG_GENERATE_SYMBOLS = YES;
				SWIFT_APPROACHABLE_CONCURRENCY = YES;
				SWIFT_DEFAULT_ACTOR_ISOLATION = MainActor;
				SWIFT_EMIT_LOC_STRINGS = YES;
				SWIFT_UPCOMING_FEATURE_MEMBER_IMPORT_VISIBILITY = YES;
				SWIFT_VERSION = 5.0;
			};
			name = Release;
		};
		768DF3232F596DAC0072F7A4 /* Debug */ = {
			isa = XCBuildConfiguration;
			buildSettings = {
				CODE_SIGN_STYLE = Automatic;
				CURRENT_PROJECT_VERSION = 21;
				DEVELOPMENT_TEAM = XW3GM347XY;
				GENERATE_INFOPLIST_FILE = YES;
				MACOSX_DEPLOYMENT_TARGET = 15.0;
				MARKETING_VERSION = 2.0;
				PRODUCT_BUNDLE_IDENTIFIER = xyz.tleskiv.screenshotUITests;
				PRODUCT_NAME = "$(TARGET_NAME)";
				STRING_CATALOG_GENERATE_SYMBOLS = YES;
				SWIFT_EMIT_LOC_STRINGS = NO;
				SWIFT_VERSION = 5.0;
				TEST_TARGET_NAME = screenshot;
			};
			name = Debug;
		};
		768DF3242F596DAC0072F7A4 /* Release */ = {
			isa = XCBuildConfiguration;
			buildSettings = {
				CODE_SIGN_STYLE = Automatic;
				CURRENT_PROJECT_VERSION = 21;
				DEVELOPMENT_TEAM = XW3GM347XY;
				GENERATE_INFOPLIST_FILE = YES;
				MACOSX_DEPLOYMENT_TARGET = 15.0;
				MARKETING_VERSION = 2.0;
				PRODUCT_BUNDLE_IDENTIFIER = xyz.tleskiv.screenshotUITests;
				PRODUCT_NAME = "$(TARGET_NAME)";
				STRING_CATALOG_GENERATE_SYMBOLS = YES;
				SWIFT_EMIT_LOC_STRINGS = NO;
				SWIFT_VERSION = 5.0;
				TEST_TARGET_NAME = screenshot;
			};
			name = Release;
		};
		768DF32E2F596DAC0072F7A4 /* Debug */ = {
			isa = XCBuildConfiguration;
			buildSettings = {
				BUNDLE_LOADER = "$(TEST_HOST)";
				CODE_SIGN_STYLE = Automatic;
				CURRENT_PROJECT_VERSION = 21;
				DEVELOPMENT_TEAM = XW3GM347XY;
				GENERATE_INFOPLIST_FILE = YES;
				MARKETING_VERSION = 2.0;
				PRODUCT_BUNDLE_IDENTIFIER = xyz.tleskiv.screenshotTests;
				PRODUCT_NAME = "$(TARGET_NAME)";
				STRING_CATALOG_GENERATE_SYMBOLS = YES;
				SWIFT_EMIT_LOC_STRINGS = NO;
				SWIFT_VERSION = 5.0;
				TEST_HOST = "$(BUILT_PRODUCTS_DIR)/Screenshot Bro.app/$(BUNDLE_EXECUTABLE_FOLDER_PATH)/Screenshot Bro";
			};
			name = Debug;
		};
		768DF32F2F596DAC0072F7A4 /* Release */ = {
			isa = XCBuildConfiguration;
			buildSettings = {
				BUNDLE_LOADER = "$(TEST_HOST)";
				CODE_SIGN_STYLE = Automatic;
				CURRENT_PROJECT_VERSION = 21;
				DEVELOPMENT_TEAM = XW3GM347XY;
				GENERATE_INFOPLIST_FILE = YES;
				MARKETING_VERSION = 2.0;
				PRODUCT_BUNDLE_IDENTIFIER = xyz.tleskiv.screenshotTests;
				PRODUCT_NAME = "$(TARGET_NAME)";
				STRING_CATALOG_GENERATE_SYMBOLS = YES;
				SWIFT_EMIT_LOC_STRINGS = NO;
				SWIFT_VERSION = 5.0;
				TEST_HOST = "$(BUILT_PRODUCTS_DIR)/Screenshot Bro.app/$(BUNDLE_EXECUTABLE_FOLDER_PATH)/Screenshot Bro";
			};
			name = Release;
		};
/* End XCBuildConfiguration section */

/* Begin XCConfigurationList section */
		768DF3062F596DAB0072F7A4 /* Build configuration list for PBXProject "screenshot" */ = {
			isa = XCConfigurationList;
			buildConfigurations = (
				768DF3162F596DAC0072F7A4 /* Debug */,
				768DF3172F596DAC0072F7A4 /* Release */,
			);
			defaultConfigurationIsVisible = 0;
			defaultConfigurationName = Release;
		};
		768DF3182F596DAC0072F7A4 /* Build configuration list for PBXNativeTarget "screenshot" */ = {
			isa = XCConfigurationList;
			buildConfigurations = (
				768DF3192F596DAC0072F7A4 /* Debug */,
				768DF31A2F596DAC0072F7A4 /* Release */,
			);
			defaultConfigurationIsVisible = 0;
			defaultConfigurationName = Release;
		};
		768DF3252F596DAC0072F7A4 /* Build configuration list for PBXNativeTarget "screenshotUITests" */ = {
			isa = XCConfigurationList;
			buildConfigurations = (
				768DF3232F596DAC0072F7A4 /* Debug */,
				768DF3242F596DAC0072F7A4 /* Release */,
			);
			defaultConfigurationIsVisible = 0;
			defaultConfigurationName = Release;
		};
		768DF3302F596DAC0072F7A4 /* Build configuration list for PBXNativeTarget "screenshotTests" */ = {
			isa = XCConfigurationList;
			buildConfigurations = (
				768DF32E2F596DAC0072F7A4 /* Debug */,
				768DF32F2F596DAC0072F7A4 /* Release */,
			);
			defaultConfigurationIsVisible = 0;
			defaultConfigurationName = Release;
		};
/* End XCConfigurationList section */

/* Begin XCRemoteSwiftPackageReference section */
		76RC00012F5A00000072F7A4 /* XCRemoteSwiftPackageReference "purchases-ios-spm" */ = {
			isa = XCRemoteSwiftPackageReference;
			repositoryURL = "https://github.com/RevenueCat/purchases-ios-spm.git";
			requirement = {
				kind = upToNextMajorVersion;
				minimumVersion = 5.0.0;
			};
		};
/* End XCRemoteSwiftPackageReference section */

/* Begin XCSwiftPackageProductDependency section */
		76RC00022F5A00000072F7A4 /* RevenueCat */ = {
			isa = XCSwiftPackageProductDependency;
			package = 76RC00012F5A00000072F7A4 /* XCRemoteSwiftPackageReference "purchases-ios-spm" */;
			productName = RevenueCat;
		};
		76RC00032F5A00000072F7A4 /* RevenueCatUI */ = {
			isa = XCSwiftPackageProductDependency;
			package = 76RC00012F5A00000072F7A4 /* XCRemoteSwiftPackageReference "purchases-ios-spm" */;
			productName = RevenueCatUI;
		};
/* End XCSwiftPackageProductDependency section */
	};
	rootObject = 768DF3032F596DAB0072F7A4 /* Project object */;
}
